
Microsoft Visual Studio Solution File, Format Version 12.00
# Visual Studio Version 17
VisualStudioVersion = 17.3.32922.545
MinimumVisualStudioVersion = 10.0.40219.1
Project("{8BC9CEB8-8B4A-11D0-8D11-00A0C91BC942}") = "ISEMCourseDesignClient", "ISEMCourseDesignClient\ISEMCourseDesignClient.vcxproj", "{B63E829B-8A68-4A48-BAAF-CABEE09212A6}"
EndProject
Project("{8BC9CEB8-8B4A-11D0-8D11-00A0C91BC942}") = "ISEMCourseDesignServer", "ISEMCourseDesignServer\ISEMCourseDesignServer.vcxproj", "{9C0ADE88-09BC-4607-9DD6-D39DE3D2F493}"
EndProject
Global
	GlobalSection(SolutionConfigurationPlatforms) = preSolution
		Debug|x64 = Debug|x64
		Debug|x86 = Debug|x86
		Release|x64 = Release|x64
		Release|x86 = Release|x86
	EndGlobalSection
	GlobalSection(ProjectConfigurationPlatforms) = postSolution
		{B63E829B-8A68-4A48-BAAF-CABEE09212A6}.Debug|x64.ActiveCfg = Debug|x64
		{B63E829B-8A68-4A48-BAAF-CABEE09212A6}.Debug|x64.Build.0 = Debug|x64
		{B63E829B-8A68-4A48-BAAF-CABEE09212A6}.Debug|x86.ActiveCfg = Debug|Win32
		{B63E829B-8A68-4A48-BAAF-CABEE09212A6}.Debug|x86.Build.0 = Debug|Win32
		{B63E829B-8A68-4A48-BAAF-CABEE09212A6}.Release|x64.ActiveCfg = Release|x64
		{B63E829B-8A68-4A48-BAAF-CABEE09212A6}.Release|x64.Build.0 = Release|x64
		{B63E829B-8A68-4A48-BAAF-CABEE09212A6}.Release|x86.ActiveCfg = Release|Win32
		{B63E829B-8A68-4A48-BAAF-CABEE09212A6}.Release|x86.Build.0 = Release|Win32
		{9C0ADE88-09BC-4607-9DD6-D39DE3D2F493}.Debug|x64.ActiveCfg = Debug|x64
		{9C0ADE88-09BC-4607-9DD6-D39DE3D2F493}.Debug|x64.Build.0 = Debug|x64
		{9C0ADE88-09BC-4607-9DD6-D39DE3D2F493}.Debug|x86.ActiveCfg = Debug|Win32
		{9C0ADE88-09BC-4607-9DD6-D39DE3D2F493}.Debug|x86.Build.0 = Debug|Win32
		{9C0ADE88-09BC-4607-9DD6-D39DE3D2F493}.Release|x64.ActiveCfg = Release|x64
		{9C0ADE88-09BC-4607-9DD6-D39DE3D2F493}.Release|x64.Build.0 = Release|x64
		{9C0ADE88-09BC-4607-9DD6-D39DE3D2F493}.Release|x86.ActiveCfg = Release|Win32
		{9C0ADE88-09BC-4607-9DD6-D39DE3D2F493}.Release|x86.Build.0 = Release|Win32
	EndGlobalSection
	GlobalSection(SolutionProperties) = preSolution
		HideSolutionNode = FALSE
	EndGlobalSection
	GlobalSection(ExtensibilityGlobals) = postSolution
		SolutionGuid = {950DADC8-7D9E-497D-942B-70A64D01A5A2}
	EndGlobalSection
EndGlobal
